
Microsoft Visual Studio Solution File, Format Version 12.00
# Visual Studio Version 16
VisualStudioVersion = 16.0.29709.97
MinimumVisualStudioVersion = 10.0.40219.1
Project("{FAE04EC0-301F-11D3-BF4B-00C04F79EFBC}") = "Практика1", "Практика1.csproj", "{D8C3E778-E5F0-47EB-A0D6-6C5888BB282C}"
EndProject
Global
	GlobalSection(SolutionConfigurationPlatforms) = preSolution
		Debug|Any CPU = Debug|Any CPU
		Release|Any CPU = Release|Any CPU
	EndGlobalSection
	GlobalSection(ProjectConfigurationPlatforms) = postSolution
		{D8C3E778-E5F0-47EB-A0D6-6C5888BB282C}.Debug|Any CPU.ActiveCfg = Debug|Any CPU
		{D8C3E778-E5F0-47EB-A0D6-6C5888BB282C}.Debug|Any CPU.Build.0 = Debug|Any CPU
		{D8C3E778-E5F0-47EB-A0D6-6C5888BB282C}.Release|Any CPU.ActiveCfg = Release|Any CPU
		{D8C3E778-E5F0-47EB-A0D6-6C5888BB282C}.Release|Any CPU.Build.0 = Release|Any CPU
	EndGlobalSection
	GlobalSection(SolutionProperties) = preSolution
		HideSolutionNode = FALSE
	EndGlobalSection
	GlobalSection(ExtensibilityGlobals) = postSolution
		SolutionGuid = {B8C34CCD-7F83-4453-B066-9054F7148936}
	EndGlobalSection
EndGlobal
